
Microsoft Visual Studio Solution File, Format Version 12.00
Project("{FAE04EC0-301F-11D3-BF4B-00C04F79EFBC}") = "RedBlackTreePrototype", "RedBlackTreePrototype\RedBlackTreePrototype.csproj", "{562FD539-8948-4F1B-B640-199BF57AD91C}"
EndProject
Global
	GlobalSection(SolutionConfigurationPlatforms) = preSolution
		Debug|Any CPU = Debug|Any CPU
		Release|Any CPU = Release|Any CPU
	EndGlobalSection
	GlobalSection(ProjectConfigurationPlatforms) = postSolution
		{562FD539-8948-4F1B-B640-199BF57AD91C}.Debug|Any CPU.ActiveCfg = Debug|Any CPU
		{562FD539-8948-4F1B-B640-199BF57AD91C}.Debug|Any CPU.Build.0 = Debug|Any CPU
		{562FD539-8948-4F1B-B640-199BF57AD91C}.Release|Any CPU.ActiveCfg = Release|Any CPU
		{562FD539-8948-4F1B-B640-199BF57AD91C}.Release|Any CPU.Build.0 = Release|Any CPU
	EndGlobalSection
EndGlobal
