
Microsoft Visual Studio Solution File, Format Version 12.00
Project("{FAE04EC0-301F-11D3-BF4B-00C04F79EFBC}") = "Task26", "Task26\Task26.csproj", "{9E6FC0A2-2137-4D16-9848-7B800C9B0F65}"
EndProject
Global
	GlobalSection(SolutionConfigurationPlatforms) = preSolution
		Debug|Any CPU = Debug|Any CPU
		Release|Any CPU = Release|Any CPU
	EndGlobalSection
	GlobalSection(ProjectConfigurationPlatforms) = postSolution
		{9E6FC0A2-2137-4D16-9848-7B800C9B0F65}.Debug|Any CPU.ActiveCfg = Debug|Any CPU
		{9E6FC0A2-2137-4D16-9848-7B800C9B0F65}.Debug|Any CPU.Build.0 = Debug|Any CPU
		{9E6FC0A2-2137-4D16-9848-7B800C9B0F65}.Release|Any CPU.ActiveCfg = Release|Any CPU
		{9E6FC0A2-2137-4D16-9848-7B800C9B0F65}.Release|Any CPU.Build.0 = Release|Any CPU
	EndGlobalSection
EndGlobal
