
Microsoft Visual Studio Solution File, Format Version 12.00
Project("{FAE04EC0-301F-11D3-BF4B-00C04F79EFBC}") = "Task17", "Task17\Task17.csproj", "{59343431-9E25-42BA-B37F-631004BB20A8}"
EndProject
Global
	GlobalSection(SolutionConfigurationPlatforms) = preSolution
		Debug|Any CPU = Debug|Any CPU
		Release|Any CPU = Release|Any CPU
	EndGlobalSection
	GlobalSection(ProjectConfigurationPlatforms) = postSolution
		{59343431-9E25-42BA-B37F-631004BB20A8}.Debug|Any CPU.ActiveCfg = Debug|Any CPU
		{59343431-9E25-42BA-B37F-631004BB20A8}.Debug|Any CPU.Build.0 = Debug|Any CPU
		{59343431-9E25-42BA-B37F-631004BB20A8}.Release|Any CPU.ActiveCfg = Release|Any CPU
		{59343431-9E25-42BA-B37F-631004BB20A8}.Release|Any CPU.Build.0 = Release|Any CPU
	EndGlobalSection
EndGlobal
