
Microsoft Visual Studio Solution File, Format Version 12.00
Project("{FAE04EC0-301F-11D3-BF4B-00C04F79EFBC}") = "Task15", "Task15\Task15.csproj", "{DF9B0CC3-AD1A-46D9-9D3F-1B7EF7F437EB}"
EndProject
Global
	GlobalSection(SolutionConfigurationPlatforms) = preSolution
		Debug|Any CPU = Debug|Any CPU
		Release|Any CPU = Release|Any CPU
	EndGlobalSection
	GlobalSection(ProjectConfigurationPlatforms) = postSolution
		{DF9B0CC3-AD1A-46D9-9D3F-1B7EF7F437EB}.Debug|Any CPU.ActiveCfg = Debug|Any CPU
		{DF9B0CC3-AD1A-46D9-9D3F-1B7EF7F437EB}.Debug|Any CPU.Build.0 = Debug|Any CPU
		{DF9B0CC3-AD1A-46D9-9D3F-1B7EF7F437EB}.Release|Any CPU.ActiveCfg = Release|Any CPU
		{DF9B0CC3-AD1A-46D9-9D3F-1B7EF7F437EB}.Release|Any CPU.Build.0 = Release|Any CPU
	EndGlobalSection
EndGlobal
